
Microsoft Visual Studio Solution File, Format Version 12.00
# Visual Studio Version 17
VisualStudioVersion = 17.3.32819.101
MinimumVisualStudioVersion = 10.0.40219.1
Project("{9A19103F-16F7-4668-BE54-9A1E7A4F7556}") = "ZennohWebAPI", "ZennohWebAPI\ZennohWebAPI.csproj", "{DE77D4A8-A79B-413D-B47F-CD3CCB3F13DD}"
EndProject
Project("{9A19103F-16F7-4668-BE54-9A1E7A4F7556}") = "WebAPIxUnitTest", "WebAPIxUnitTest\WebAPIxUnitTest.csproj", "{257CE21D-B2FF-403F-94C2-33B1310A9C25}"
EndProject
Project("{9A19103F-16F7-4668-BE54-9A1E7A4F7556}") = "ZennohBlazorShared", "ZennohBlazorShared\ZennohBlazorShared.csproj", "{B19CCD30-3685-4490-9269-0D4F59B23C50}"
EndProject
Project("{9A19103F-16F7-4668-BE54-9A1E7A4F7556}") = "ZennohCycleProcessApp", "ZennohCycleProcessApp\ZennohCycleProcessApp.csproj", "{87C74650-59A0-40E8-A648-FCC2E5485741}"
EndProject
Project("{9A19103F-16F7-4668-BE54-9A1E7A4F7556}") = "SharedModels", "SharedModels\SharedModels.csproj", "{EDB5C93C-611C-4711-AD12-F22BF1D3D602}"
EndProject
Global
	GlobalSection(SolutionConfigurationPlatforms) = preSolution
		Debug|Any CPU = Debug|Any CPU
		Release|Any CPU = Release|Any CPU
	EndGlobalSection
	GlobalSection(ProjectConfigurationPlatforms) = postSolution
		{DE77D4A8-A79B-413D-B47F-CD3CCB3F13DD}.Debug|Any CPU.ActiveCfg = Debug|Any CPU
		{DE77D4A8-A79B-413D-B47F-CD3CCB3F13DD}.Debug|Any CPU.Build.0 = Debug|Any CPU
		{DE77D4A8-A79B-413D-B47F-CD3CCB3F13DD}.Release|Any CPU.ActiveCfg = Release|Any CPU
		{DE77D4A8-A79B-413D-B47F-CD3CCB3F13DD}.Release|Any CPU.Build.0 = Release|Any CPU
		{257CE21D-B2FF-403F-94C2-33B1310A9C25}.Debug|Any CPU.ActiveCfg = Debug|Any CPU
		{257CE21D-B2FF-403F-94C2-33B1310A9C25}.Debug|Any CPU.Build.0 = Debug|Any CPU
		{257CE21D-B2FF-403F-94C2-33B1310A9C25}.Release|Any CPU.ActiveCfg = Release|Any CPU
		{257CE21D-B2FF-403F-94C2-33B1310A9C25}.Release|Any CPU.Build.0 = Release|Any CPU
		{B19CCD30-3685-4490-9269-0D4F59B23C50}.Debug|Any CPU.ActiveCfg = Debug|Any CPU
		{B19CCD30-3685-4490-9269-0D4F59B23C50}.Debug|Any CPU.Build.0 = Debug|Any CPU
		{B19CCD30-3685-4490-9269-0D4F59B23C50}.Release|Any CPU.ActiveCfg = Release|Any CPU
		{B19CCD30-3685-4490-9269-0D4F59B23C50}.Release|Any CPU.Build.0 = Release|Any CPU
		{87C74650-59A0-40E8-A648-FCC2E5485741}.Debug|Any CPU.ActiveCfg = Debug|Any CPU
		{87C74650-59A0-40E8-A648-FCC2E5485741}.Debug|Any CPU.Build.0 = Debug|Any CPU
		{87C74650-59A0-40E8-A648-FCC2E5485741}.Release|Any CPU.ActiveCfg = Release|Any CPU
		{87C74650-59A0-40E8-A648-FCC2E5485741}.Release|Any CPU.Build.0 = Release|Any CPU
		{EDB5C93C-611C-4711-AD12-F22BF1D3D602}.Debug|Any CPU.ActiveCfg = Debug|Any CPU
		{EDB5C93C-611C-4711-AD12-F22BF1D3D602}.Debug|Any CPU.Build.0 = Debug|Any CPU
		{EDB5C93C-611C-4711-AD12-F22BF1D3D602}.Release|Any CPU.ActiveCfg = Release|Any CPU
		{EDB5C93C-611C-4711-AD12-F22BF1D3D602}.Release|Any CPU.Build.0 = Release|Any CPU
	EndGlobalSection
	GlobalSection(SolutionProperties) = preSolution
		HideSolutionNode = FALSE
	EndGlobalSection
	GlobalSection(ExtensibilityGlobals) = postSolution
		SolutionGuid = {61394BB8-CC63-4708-B201-10AA5000287E}
	EndGlobalSection
EndGlobal
